
Microsoft Visual Studio Solution File, Format Version 12.00
# Visual Studio 15
VisualStudioVersion = 15.0.28307.489
MinimumVisualStudioVersion = 10.0.40219.1
Project("{FAE04EC0-301F-11D3-BF4B-00C04F79EFBC}") = "RecorridoMatriz", "RecorridoMatriz\RecorridoMatriz.csproj", "{B874FD2F-2A8F-4A65-A81B-614AD631A181}"
EndProject
Global
	GlobalSection(SolutionConfigurationPlatforms) = preSolution
		Debug|Any CPU = Debug|Any CPU
		Release|Any CPU = Release|Any CPU
	EndGlobalSection
	GlobalSection(ProjectConfigurationPlatforms) = postSolution
		{B874FD2F-2A8F-4A65-A81B-614AD631A181}.Debug|Any CPU.ActiveCfg = Debug|Any CPU
		{B874FD2F-2A8F-4A65-A81B-614AD631A181}.Debug|Any CPU.Build.0 = Debug|Any CPU
		{B874FD2F-2A8F-4A65-A81B-614AD631A181}.Release|Any CPU.ActiveCfg = Release|Any CPU
		{B874FD2F-2A8F-4A65-A81B-614AD631A181}.Release|Any CPU.Build.0 = Release|Any CPU
	EndGlobalSection
	GlobalSection(SolutionProperties) = preSolution
		HideSolutionNode = FALSE
	EndGlobalSection
	GlobalSection(ExtensibilityGlobals) = postSolution
		SolutionGuid = {6FA54873-49B1-41DD-B19F-6B2820CB35DE}
	EndGlobalSection
EndGlobal
