
Microsoft Visual Studio Solution File, Format Version 12.00
# Visual Studio Version 16
VisualStudioVersion = 16.0.28803.352
MinimumVisualStudioVersion = 10.0.40219.1
Project("{FAE04EC0-301F-11D3-BF4B-00C04F79EFBC}") = "reloj", "reloj\reloj.csproj", "{7F09CD08-05F6-4D8B-AEC3-41413F4B520B}"
EndProject
Global
	GlobalSection(SolutionConfigurationPlatforms) = preSolution
		Debug|Any CPU = Debug|Any CPU
		Release|Any CPU = Release|Any CPU
	EndGlobalSection
	GlobalSection(ProjectConfigurationPlatforms) = postSolution
		{7F09CD08-05F6-4D8B-AEC3-41413F4B520B}.Debug|Any CPU.ActiveCfg = Debug|Any CPU
		{7F09CD08-05F6-4D8B-AEC3-41413F4B520B}.Debug|Any CPU.Build.0 = Debug|Any CPU
		{7F09CD08-05F6-4D8B-AEC3-41413F4B520B}.Release|Any CPU.ActiveCfg = Release|Any CPU
		{7F09CD08-05F6-4D8B-AEC3-41413F4B520B}.Release|Any CPU.Build.0 = Release|Any CPU
	EndGlobalSection
	GlobalSection(SolutionProperties) = preSolution
		HideSolutionNode = FALSE
	EndGlobalSection
	GlobalSection(ExtensibilityGlobals) = postSolution
		SolutionGuid = {778D08CD-0441-4331-AD59-58652726CE51}
	EndGlobalSection
EndGlobal
